
Microsoft Visual Studio Solution File, Format Version 12.00
# Visual Studio Version 17
VisualStudioVersion = 17.5.002.0
MinimumVisualStudioVersion = 10.0.40219.1
Project("{9A19103F-16F7-4668-BE54-9A1E7A4F7556}") = "ParcialII_Marc_Schaub", "ParcialII_Marc_Schaub.csproj", "{44C7B2CE-7E08-439E-9FA7-0DBD2BB13CC5}"
EndProject
Global
	GlobalSection(SolutionConfigurationPlatforms) = preSolution
		Debug|Any CPU = Debug|Any CPU
		Release|Any CPU = Release|Any CPU
	EndGlobalSection
	GlobalSection(ProjectConfigurationPlatforms) = postSolution
		{44C7B2CE-7E08-439E-9FA7-0DBD2BB13CC5}.Debug|Any CPU.ActiveCfg = Debug|Any CPU
		{44C7B2CE-7E08-439E-9FA7-0DBD2BB13CC5}.Debug|Any CPU.Build.0 = Debug|Any CPU
		{44C7B2CE-7E08-439E-9FA7-0DBD2BB13CC5}.Release|Any CPU.ActiveCfg = Release|Any CPU
		{44C7B2CE-7E08-439E-9FA7-0DBD2BB13CC5}.Release|Any CPU.Build.0 = Release|Any CPU
	EndGlobalSection
	GlobalSection(SolutionProperties) = preSolution
		HideSolutionNode = FALSE
	EndGlobalSection
	GlobalSection(ExtensibilityGlobals) = postSolution
		SolutionGuid = {E70157D9-EAC2-4396-A55E-D003E0B9FE5F}
	EndGlobalSection
EndGlobal
